{
  "version": "3",
  "remote": {
    "https://deno.land/std@0.76.0/encoding/base64.ts": "b1d8f99b778981548457ec74bc6273ad785ffd6f61b2233bd5b30925345b565d",
    "https://deno.land/std@0.76.0/encoding/hex.ts": "07a03ba41c96060a4ed4ba272e50b9e23f3c5b3839f4b069cdebc24d57434386",
    "https://deno.land/std@0.76.0/hash/_wasm/hash.ts": "005f64c4d9343ecbc91e0da9ae5e800f146c20930ad829bbb872c5c06bd89c5f",
    "https://deno.land/std@0.76.0/hash/_wasm/wasm.js": "5ac48aa0c3931d7f31dba628be5ab0aa4e786354197eb4d7d0583f9b50be1397",
    "https://deno.land/std@0.76.0/hash/mod.ts": "e764a6a9ab2f5519a97f928e17cc13d984e3dd5c7f742ff9c1c8fb3114790f0c",
    "https://deno.land/x/functional_red_black_tree@1.0.1-deno/mod.ts": "7a33bf5d488187ea7eb5757149e672c34c79f078125edceea9bfbe96334baac2",
    "https://deno.land/x/functional_red_black_tree@1.0.1-deno/rbtree.js": "c81c8921d6f1568fcc0d787eb9c217cf6fdc7acd19d5a597d43e31ed76a1f0b0",
    "https://deno.land/x/immutable@4.0.0-rc.12-deno.1/mod.ts": "3ef2df7fdb989775d5ecbf4e2cfc8c358b04cbf4606ecc0e13878d241974977f",
    "https://deno.land/x/immutable@4.0.0-rc.12-deno.1/node_modules/immutable/dist/immutable.es.js": "c4e328e37d0738755e14f10595843b4a05ed716232c3dc40d1e0d694f75fcf89",
    "https://deno.land/x/lru_cache@6.0.0-deno.4/mod.ts": "8fc30300850991ede7539bb2bea456258b0e4189939d4727331c87e912c110b5",
    "https://deno.land/x/momentjs@2.29.1-deno/mod.ts": "f0c8542988b812d2aeaabe4fe3d86e7638ba6dd469ac9dd252eb2d9a765b8b49",
    "https://deno.land/x/momentjs@2.29.1-deno/node_modules/moment/moment.js": "7ba0da6b25146fe95a948b47ec8a7707b4bcf6a87390d4b655a0663e107f7845",
    "https://deno.land/x/moo@0.5.1-deno.2/mod.ts": "fbccad242a370172385c0545886e8051ab4c2cc86b4635798fcf490db718af4e",
    "https://deno.land/x/moo@0.5.1-deno.2/moo.js": "90e55b04d273feb1ccf0bd7f20df24259715bbfbbffe0e462882c5c5caeb232b",
    "https://deno.land/x/nearley@2.19.7-deno/lib/nearley.js": "4d69e17885788c78f0aa4776de6ce587a99e1562468fb826c5a5b649a59b9d43",
    "https://deno.land/x/nearley@2.19.7-deno/mod.ts": "a52f8fe208afc6790bd4167e433f397c578838547bf7161eef144810c28d57db",
    "https://deno.land/x/object_hash@2.0.3.1/index.ts": "74b20a0065dc0066c60510174626db1d18e53ec966edb6f76fa33a67aa0c44e3",
    "https://deno.land/x/object_hash@2.0.3.1/mod.ts": "648559bcafb54b930d4b6a283cc2eef20afa54de471371a97c2ccf8116941148",
    "https://deno.land/x/pgsql_ast_parser@12.0.1/ast-mapper.ts": "cc7abfc6c0a4eeb8ea2bba5201c261e0cd1393cca293e70229c66d61a87d5618",
    "https://deno.land/x/pgsql_ast_parser@12.0.1/ast-visitor.ts": "366f2d603659fe92fffe907e8f8dba47e91a83c396beb4de92175c1de092f151",
    "https://deno.land/x/pgsql_ast_parser@12.0.1/index.ts": "89edeace20b1424fa918d774c1fea5cf1db5d416137a278cc8dafbeabc7acde4",
    "https://deno.land/x/pgsql_ast_parser@12.0.1/keywords.ts": "83a9475c3f7d8debf63d5e37f603e4f34689fc92249df4e227d2115fad628d77",
    "https://deno.land/x/pgsql_ast_parser@12.0.1/lexer.ts": "e3b841180572b1b18983a78596c8320bc4ea84ec6f16f402b997d6a57be7b4db",
    "https://deno.land/x/pgsql_ast_parser@12.0.1/literal-syntaxes/array-lexer.ts": "80fe61fe0dafcf9936b29816a4ad68a41cdcaf5c9bc92c8e1f349cfeea84d8b3",
    "https://deno.land/x/pgsql_ast_parser@12.0.1/literal-syntaxes/array.ne.ts": "8988cc013a1559651944ed04747a530d500eb487797f6e2c7c12bdbd9859d503",
    "https://deno.land/x/pgsql_ast_parser@12.0.1/literal-syntaxes/geometric-lexer.ts": "55a4a617c0299bc7f334867fe59d43cf9957c47097f1fb23ef87b8e8dbb101d8",
    "https://deno.land/x/pgsql_ast_parser@12.0.1/literal-syntaxes/geometric.ne.ts": "502da66832689c7d7d7bacc4cb177ddb869cd9d9690c7e2ad6aa06011110afbb",
    "https://deno.land/x/pgsql_ast_parser@12.0.1/literal-syntaxes/interval-builder.ts": "dcecd223fd753c1471e34018f641ed51d3611060ad497c96835637a5ad266d3f",
    "https://deno.land/x/pgsql_ast_parser@12.0.1/literal-syntaxes/interval-iso-lexer.ts": "b901d077bf88572ef860d4eb205a2dc7abe7f59c1bb631cedd850ac5428af062",
    "https://deno.land/x/pgsql_ast_parser@12.0.1/literal-syntaxes/interval-iso.ne.ts": "aeecb0797dd8e8fc1222b7e4bbaf7047111df991c64141656327905d23a531e2",
    "https://deno.land/x/pgsql_ast_parser@12.0.1/literal-syntaxes/interval-lexer.ts": "71922f3cb8e896337304f866bd0319919e74d5ad9c6deda142474201a11c93e9",
    "https://deno.land/x/pgsql_ast_parser@12.0.1/literal-syntaxes/interval.ne.ts": "61a9d0bfa09b7a2d73372cd282d53539c029ee3559268f3745762052b80de40b",
    "https://deno.land/x/pgsql_ast_parser@12.0.1/mod.ts": "df320dba393bd1678465e6de291cd95e77e8951a4eb5875e011e42549ab7a9d5",
    "https://deno.land/x/pgsql_ast_parser@12.0.1/parser.ts": "f3a4f11f77cf1dc80c786d6eba4db52611688552ec6bf0ee39a0e547a9f082f6",
    "https://deno.land/x/pgsql_ast_parser@12.0.1/pg-escape.ts": "1c70e7437eed51fe30756ee46c9264a341ae74f434d138f676f0ec8be2780430",
    "https://deno.land/x/pgsql_ast_parser@12.0.1/syntax/ast.ts": "be05d6419502e2d9537c277dc30c158d04a54afb61d1a23e12fef7312b026164",
    "https://deno.land/x/pgsql_ast_parser@12.0.1/syntax/main.ne.ts": "f26f28bd29579c5d96394f8e8bc5b0fe20fc1fd22acb1aa89299de752b13834f",
    "https://deno.land/x/pgsql_ast_parser@12.0.1/to-sql.ts": "0d696f3e99b3a1004550c306f95b9377db78d0dd3cd36c356cdbe393d7663988",
    "https://deno.land/x/pgsql_ast_parser@12.0.1/utils.ts": "84f8cd90fd822e63209a8a82fe6b4b1a210a9793b32c8fdac99b3ab19c4a37e9",
    "https://deno.land/x/stable_stringify@v0.2.1/jsonStringify.ts": "ecc35c851e68e762add0c20c3f86e7dc4e3cd4eb3368a0ed0830644d34ed40c0",
    "https://deno.land/x/yallist@4.0.0-deno/mod.ts": "8677e6eefc9998c396bacbf665feb3c2fb10e9aa8b276127c3daa76ce271bc6d",
    "https://deno.land/x/yallist@4.0.0-deno/yallist.js": "aaf0c2ad98a6e8eafe8e0c08f6627457eab8538bbbd2966aa9378c88c6f41e2d"
  },
  "workspace": {
    "packageJson": {
      "dependencies": [
        "npm:@babel/cli@^7.10.5",
        "npm:@babel/core@^7.10.5",
        "npm:@babel/preset-env@^7.10.4",
        "npm:@hot-loader/react-dom@^16.13.0",
        "npm:@mikro-orm/core@^5.9.6",
        "npm:@mikro-orm/postgresql@^5.9.6",
        "npm:@types/chai@^4.2.11",
        "npm:@types/json-stable-stringify@^1.0.34",
        "npm:@types/lru-cache@^5.1.0",
        "npm:@types/mocha@^8.0.0",
        "npm:@types/node@^16.18.69",
        "npm:@types/object-hash@^1.3.3",
        "npm:@types/pg@^7.14.9",
        "npm:@types/react@^16.9.43",
        "npm:@types/uuid@^8.3.0",
        "npm:babel-loader@^8.1.0",
        "npm:babel-preset-react-app@^9.1.2",
        "npm:babel@^6.23.0",
        "npm:chai-shallow-deep-equal@^1.4.6",
        "npm:chai@^4.2.0",
        "npm:copy-webpack-plugin@^6.0.3",
        "npm:copyfiles@^2.4.0",
        "npm:cross-env@^7.0.2",
        "npm:css-loader@^4.1.0",
        "npm:dedent@^0.7.0",
        "npm:file-loader@^6.0.0",
        "npm:functional-red-black-tree@^1.0.1",
        "npm:html-webpack-plugin@^4.3.0",
        "npm:immutable@^4.3.4",
        "npm:istanbul-instrumenter-loader@^2.0.0",
        "npm:json-stable-stringify@^1.0.1",
        "npm:knex@^2.5.1",
        "npm:kysely@^0.26.3",
        "npm:lru-cache@^6.0.0",
        "npm:mocha@^8.0.1",
        "npm:mochapack@^2.0.6",
        "npm:moment@^2.27.0",
        "npm:monaco-editor-webpack-plugin@^1.9.0",
        "npm:monaco-editor@^0.20.0",
        "npm:nyc@^15.1.0",
        "npm:object-hash@^2.0.3",
        "npm:pg-promise@^10.8.7",
        "npm:pg@^8.5.1",
        "npm:pgsql-ast-parser@^12.0.1",
        "npm:react-dom@^16.13.1",
        "npm:react-hot-loader@^4.12.21",
        "npm:react-monaco-editor@^0.39.1",
        "npm:react@^16.13.1",
        "npm:reactjs-popup@^1.5.0",
        "npm:rimraf@^3.0.2",
        "npm:sequelize@>=6.3.5 <6.20.0",
        "npm:slonik@^23.0.1",
        "npm:source-map-support@^0.5.19",
        "npm:style-loader@^1.2.1",
        "npm:ts-loader@^8.0.0",
        "npm:ts-node@^10.8.0",
        "npm:typeorm@0.2.29",
        "npm:typescript@^4.6.4",
        "npm:uuid@^8.3.2",
        "npm:vscode-mocha-hmr@^1.0.0",
        "npm:webpack-cli@3.3.12",
        "npm:webpack-dev-server@4.9.2",
        "npm:webpack-node-externals@^1.7.2",
        "npm:webpack@4.43.0"
      ]
    }
  }
}
